
Microsoft Visual Studio Solution File, Format Version 12.00
# Visual Studio Version 16
VisualStudioVersion = 16.0.30711.63
MinimumVisualStudioVersion = 10.0.40219.1
Project("{FAE04EC0-301F-11D3-BF4B-00C04F79EFBC}") = "DociFlow", "DociFlow.csproj", "{D4D7332F-D769-4D9D-BF63-BD3A0EB4C251}"
EndProject
Global
	GlobalSection(SolutionConfigurationPlatforms) = preSolution
		Debug|Any CPU = Debug|Any CPU
		Release|Any CPU = Release|Any CPU
	EndGlobalSection
	GlobalSection(ProjectConfigurationPlatforms) = postSolution
		{D4D7332F-D769-4D9D-BF63-BD3A0EB4C251}.Debug|Any CPU.ActiveCfg = Debug|Any CPU
		{D4D7332F-D769-4D9D-BF63-BD3A0EB4C251}.Debug|Any CPU.Build.0 = Debug|Any CPU
		{D4D7332F-D769-4D9D-BF63-BD3A0EB4C251}.Release|Any CPU.ActiveCfg = Release|Any CPU
		{D4D7332F-D769-4D9D-BF63-BD3A0EB4C251}.Release|Any CPU.Build.0 = Release|Any CPU
	EndGlobalSection
	GlobalSection(SolutionProperties) = preSolution
		HideSolutionNode = FALSE
	EndGlobalSection
	GlobalSection(ExtensibilityGlobals) = postSolution
		SolutionGuid = {9A5FFEAC-1777-4A4F-AAD0-645A8007E0FC}
	EndGlobalSection
EndGlobal
